// !$*UTF8*$!
{
	archiveVersion = 1;
	classes = {
	};
	objectVersion = 50;
	objects = {

/* Begin PBXBuildFile section */
		5637C610222A28120063E01D /* SFImage.m in Sources */ = {isa = PBXBuildFile; fileRef = 5637C5EE222A28120063E01D /* SFImage.m */; };
		5637C611222A28120063E01D /* SFFont.m in Sources */ = {isa = PBXBuildFile; fileRef = 5637C5EF222A28120063E01D /* SFFont.m */; };
		5637C612222A28120063E01D /* SFColors.m in Sources */ = {isa = PBXBuildFile; fileRef = 5637C5F0222A28120063E01D /* SFColors.m */; };
		5637C613222A28120063E01D /* SFBundle.m in Sources */ = {isa = PBXBuildFile; fileRef = 5637C5F1222A28120063E01D /* SFBundle.m */; };
		5637C614222A28120063E01D /* SFServerConfig.m in Sources */ = {isa = PBXBuildFile; fileRef = 5637C5F7222A28120063E01D /* SFServerConfig.m */; };
		5637C615222A28120063E01D /* SFConfiguration.m in Sources */ = {isa = PBXBuildFile; fileRef = 5637C5FA222A28120063E01D /* SFConfiguration.m */; };
		5637C616222A28120063E01D /* SFLanguage.m in Sources */ = {isa = PBXBuildFile; fileRef = 5637C5FD222A28120063E01D /* SFLanguage.m */; };
		5637C617222A28120063E01D /* SFRoute.m in Sources */ = {isa = PBXBuildFile; fileRef = 5637C600222A28120063E01D /* SFRoute.m */; };
		5637C618222A28120063E01D /* SFAppDelegate.m in Sources */ = {isa = PBXBuildFile; fileRef = 5637C602222A28120063E01D /* SFAppDelegate.m */; };
		5637C619222A28120063E01D /* SFComponentManager.m in Sources */ = {isa = PBXBuildFile; fileRef = 5637C607222A28120063E01D /* SFComponentManager.m */; };
		5637C61A222A28120063E01D /* SFComponent.m in Sources */ = {isa = PBXBuildFile; fileRef = 5637C60A222A28120063E01D /* SFComponent.m */; };
		5637C61B222A28120063E01D /* SFEventCenter.m in Sources */ = {isa = PBXBuildFile; fileRef = 5637C60F222A28120063E01D /* SFEventCenter.m */; };
		5637C623222A281D0063E01D /* Server.plist in Resources */ = {isa = PBXBuildFile; fileRef = 5637C61E222A281D0063E01D /* Server.plist */; };
		5637C624222A281D0063E01D /* Color.plist in Resources */ = {isa = PBXBuildFile; fileRef = 5637C61F222A281D0063E01D /* Color.plist */; };
		5637C625222A281D0063E01D /* Font.plist in Resources */ = {isa = PBXBuildFile; fileRef = 5637C620222A281D0063E01D /* Font.plist */; };
		5637C626222A281D0063E01D /* WX20190227-205248@2x.png in Resources */ = {isa = PBXBuildFile; fileRef = 5637C622222A281D0063E01D /* WX20190227-205248@2x.png */; };
/* End PBXBuildFile section */

/* Begin PBXCopyFilesBuildPhase section */
		56D408772222D8FB00D82EB8 /* CopyFiles */ = {
			isa = PBXCopyFilesBuildPhase;
			buildActionMask = 2147483647;
			dstPath = "include/$(PRODUCT_NAME)";
			dstSubfolderSpec = 16;
			files = (
			);
			runOnlyForDeploymentPostprocessing = 0;
		};
/* End PBXCopyFilesBuildPhase section */

/* Begin PBXFileReference section */
		5637C5EE222A28120063E01D /* SFImage.m */ = {isa = PBXFileReference; fileEncoding = 4; lastKnownFileType = sourcecode.c.objc; path = SFImage.m; sourceTree = "<group>"; };
		5637C5EF222A28120063E01D /* SFFont.m */ = {isa = PBXFileReference; fileEncoding = 4; lastKnownFileType = sourcecode.c.objc; path = SFFont.m; sourceTree = "<group>"; };
		5637C5F0222A28120063E01D /* SFColors.m */ = {isa = PBXFileReference; fileEncoding = 4; lastKnownFileType = sourcecode.c.objc; path = SFColors.m; sourceTree = "<group>"; };
		5637C5F1222A28120063E01D /* SFBundle.m */ = {isa = PBXFileReference; fileEncoding = 4; lastKnownFileType = sourcecode.c.objc; path = SFBundle.m; sourceTree = "<group>"; };
		5637C5F2222A28120063E01D /* SFFont.h */ = {isa = PBXFileReference; fileEncoding = 4; lastKnownFileType = sourcecode.c.h; path = SFFont.h; sourceTree = "<group>"; };
		5637C5F3222A28120063E01D /* SFImage.h */ = {isa = PBXFileReference; fileEncoding = 4; lastKnownFileType = sourcecode.c.h; path = SFImage.h; sourceTree = "<group>"; };
		5637C5F4222A28120063E01D /* SFColors.h */ = {isa = PBXFileReference; fileEncoding = 4; lastKnownFileType = sourcecode.c.h; path = SFColors.h; sourceTree = "<group>"; };
		5637C5F5222A28120063E01D /* SFBundle.h */ = {isa = PBXFileReference; fileEncoding = 4; lastKnownFileType = sourcecode.c.h; path = SFBundle.h; sourceTree = "<group>"; };
		5637C5F7222A28120063E01D /* SFServerConfig.m */ = {isa = PBXFileReference; fileEncoding = 4; lastKnownFileType = sourcecode.c.objc; path = SFServerConfig.m; sourceTree = "<group>"; };
		5637C5F8222A28120063E01D /* SFConfiguration.h */ = {isa = PBXFileReference; fileEncoding = 4; lastKnownFileType = sourcecode.c.h; path = SFConfiguration.h; sourceTree = "<group>"; };
		5637C5F9222A28120063E01D /* SFServerConfig.h */ = {isa = PBXFileReference; fileEncoding = 4; lastKnownFileType = sourcecode.c.h; path = SFServerConfig.h; sourceTree = "<group>"; };
		5637C5FA222A28120063E01D /* SFConfiguration.m */ = {isa = PBXFileReference; fileEncoding = 4; lastKnownFileType = sourcecode.c.objc; path = SFConfiguration.m; sourceTree = "<group>"; };
		5637C5FC222A28120063E01D /* SFLanguage.h */ = {isa = PBXFileReference; fileEncoding = 4; lastKnownFileType = sourcecode.c.h; path = SFLanguage.h; sourceTree = "<group>"; };
		5637C5FD222A28120063E01D /* SFLanguage.m */ = {isa = PBXFileReference; fileEncoding = 4; lastKnownFileType = sourcecode.c.objc; path = SFLanguage.m; sourceTree = "<group>"; };
		5637C5FF222A28120063E01D /* SFRoute.h */ = {isa = PBXFileReference; fileEncoding = 4; lastKnownFileType = sourcecode.c.h; path = SFRoute.h; sourceTree = "<group>"; };
		5637C600222A28120063E01D /* SFRoute.m */ = {isa = PBXFileReference; fileEncoding = 4; lastKnownFileType = sourcecode.c.objc; path = SFRoute.m; sourceTree = "<group>"; };
		5637C602222A28120063E01D /* SFAppDelegate.m */ = {isa = PBXFileReference; fileEncoding = 4; lastKnownFileType = sourcecode.c.objc; path = SFAppDelegate.m; sourceTree = "<group>"; };
		5637C603222A28120063E01D /* SFAppDelegateProtocol.h */ = {isa = PBXFileReference; fileEncoding = 4; lastKnownFileType = sourcecode.c.h; path = SFAppDelegateProtocol.h; sourceTree = "<group>"; };
		5637C604222A28120063E01D /* SFAppDelegate.h */ = {isa = PBXFileReference; fileEncoding = 4; lastKnownFileType = sourcecode.c.h; path = SFAppDelegate.h; sourceTree = "<group>"; };
		5637C606222A28120063E01D /* SFComponent.h */ = {isa = PBXFileReference; fileEncoding = 4; lastKnownFileType = sourcecode.c.h; path = SFComponent.h; sourceTree = "<group>"; };
		5637C607222A28120063E01D /* SFComponentManager.m */ = {isa = PBXFileReference; fileEncoding = 4; lastKnownFileType = sourcecode.c.objc; path = SFComponentManager.m; sourceTree = "<group>"; };
		5637C608222A28120063E01D /* SFComponentLifeCycleProtocol.h */ = {isa = PBXFileReference; fileEncoding = 4; lastKnownFileType = sourcecode.c.h; path = SFComponentLifeCycleProtocol.h; sourceTree = "<group>"; };
		5637C609222A28120063E01D /* SFComponentEventProtocol.h */ = {isa = PBXFileReference; fileEncoding = 4; lastKnownFileType = sourcecode.c.h; path = SFComponentEventProtocol.h; sourceTree = "<group>"; };
		5637C60A222A28120063E01D /* SFComponent.m */ = {isa = PBXFileReference; fileEncoding = 4; lastKnownFileType = sourcecode.c.objc; path = SFComponent.m; sourceTree = "<group>"; };
		5637C60B222A28120063E01D /* SFComponentManager.h */ = {isa = PBXFileReference; fileEncoding = 4; lastKnownFileType = sourcecode.c.h; path = SFComponentManager.h; sourceTree = "<group>"; };
		5637C60C222A28120063E01D /* SFComponentRouteProtocol.h */ = {isa = PBXFileReference; fileEncoding = 4; lastKnownFileType = sourcecode.c.h; path = SFComponentRouteProtocol.h; sourceTree = "<group>"; };
		5637C60E222A28120063E01D /* SFEventCenter.h */ = {isa = PBXFileReference; fileEncoding = 4; lastKnownFileType = sourcecode.c.h; path = SFEventCenter.h; sourceTree = "<group>"; };
		5637C60F222A28120063E01D /* SFEventCenter.m */ = {isa = PBXFileReference; fileEncoding = 4; lastKnownFileType = sourcecode.c.objc; path = SFEventCenter.m; sourceTree = "<group>"; };
		5637C61E222A281D0063E01D /* Server.plist */ = {isa = PBXFileReference; fileEncoding = 4; lastKnownFileType = text.plist.xml; path = Server.plist; sourceTree = "<group>"; };
		5637C61F222A281D0063E01D /* Color.plist */ = {isa = PBXFileReference; fileEncoding = 4; lastKnownFileType = text.plist.xml; path = Color.plist; sourceTree = "<group>"; };
		5637C620222A281D0063E01D /* Font.plist */ = {isa = PBXFileReference; fileEncoding = 4; lastKnownFileType = text.plist.xml; path = Font.plist; sourceTree = "<group>"; };
		5637C622222A281D0063E01D /* WX20190227-205248@2x.png */ = {isa = PBXFileReference; lastKnownFileType = image.png; path = "WX20190227-205248@2x.png"; sourceTree = "<group>"; };
		56D408792222D8FB00D82EB8 /* libSFComponent.a */ = {isa = PBXFileReference; explicitFileType = archive.ar; includeInIndex = 0; path = libSFComponent.a; sourceTree = BUILT_PRODUCTS_DIR; };
		56D408892222D90B00D82EB8 /* SFComponentBundle.bundle */ = {isa = PBXFileReference; explicitFileType = wrapper.cfbundle; includeInIndex = 0; path = SFComponentBundle.bundle; sourceTree = BUILT_PRODUCTS_DIR; };
/* End PBXFileReference section */

/* Begin PBXFrameworksBuildPhase section */
		56D408762222D8FB00D82EB8 /* Frameworks */ = {
			isa = PBXFrameworksBuildPhase;
			buildActionMask = 2147483647;
			files = (
			);
			runOnlyForDeploymentPostprocessing = 0;
		};
		56D408862222D90B00D82EB8 /* Frameworks */ = {
			isa = PBXFrameworksBuildPhase;
			buildActionMask = 2147483647;
			files = (
			);
			runOnlyForDeploymentPostprocessing = 0;
		};
/* End PBXFrameworksBuildPhase section */

/* Begin PBXGroup section */
		5637C5ED222A28120063E01D /* Skin */ = {
			isa = PBXGroup;
			children = (
				5637C5EE222A28120063E01D /* SFImage.m */,
				5637C5EF222A28120063E01D /* SFFont.m */,
				5637C5F0222A28120063E01D /* SFColors.m */,
				5637C5F1222A28120063E01D /* SFBundle.m */,
				5637C5F2222A28120063E01D /* SFFont.h */,
				5637C5F3222A28120063E01D /* SFImage.h */,
				5637C5F4222A28120063E01D /* SFColors.h */,
				5637C5F5222A28120063E01D /* SFBundle.h */,
			);
			path = Skin;
			sourceTree = "<group>";
		};
		5637C5F6222A28120063E01D /* Configuration */ = {
			isa = PBXGroup;
			children = (
				5637C5F7222A28120063E01D /* SFServerConfig.m */,
				5637C5F8222A28120063E01D /* SFConfiguration.h */,
				5637C5F9222A28120063E01D /* SFServerConfig.h */,
				5637C5FA222A28120063E01D /* SFConfiguration.m */,
			);
			path = Configuration;
			sourceTree = "<group>";
		};
		5637C5FB222A28120063E01D /* Language */ = {
			isa = PBXGroup;
			children = (
				5637C5FC222A28120063E01D /* SFLanguage.h */,
				5637C5FD222A28120063E01D /* SFLanguage.m */,
			);
			path = Language;
			sourceTree = "<group>";
		};
		5637C5FE222A28120063E01D /* Route */ = {
			isa = PBXGroup;
			children = (
				5637C5FF222A28120063E01D /* SFRoute.h */,
				5637C600222A28120063E01D /* SFRoute.m */,
			);
			path = Route;
			sourceTree = "<group>";
		};
		5637C601222A28120063E01D /* Delegate */ = {
			isa = PBXGroup;
			children = (
				5637C602222A28120063E01D /* SFAppDelegate.m */,
				5637C603222A28120063E01D /* SFAppDelegateProtocol.h */,
				5637C604222A28120063E01D /* SFAppDelegate.h */,
			);
			path = Delegate;
			sourceTree = "<group>";
		};
		5637C605222A28120063E01D /* Component */ = {
			isa = PBXGroup;
			children = (
				5637C606222A28120063E01D /* SFComponent.h */,
				5637C607222A28120063E01D /* SFComponentManager.m */,
				5637C608222A28120063E01D /* SFComponentLifeCycleProtocol.h */,
				5637C609222A28120063E01D /* SFComponentEventProtocol.h */,
				5637C60A222A28120063E01D /* SFComponent.m */,
				5637C60B222A28120063E01D /* SFComponentManager.h */,
				5637C60C222A28120063E01D /* SFComponentRouteProtocol.h */,
			);
			path = Component;
			sourceTree = "<group>";
		};
		5637C60D222A28120063E01D /* Event */ = {
			isa = PBXGroup;
			children = (
				5637C60E222A28120063E01D /* SFEventCenter.h */,
				5637C60F222A28120063E01D /* SFEventCenter.m */,
			);
			path = Event;
			sourceTree = "<group>";
		};
		5637C61C222A281D0063E01D /* master */ = {
			isa = PBXGroup;
			children = (
				5637C61D222A281D0063E01D /* Config */,
				5637C61F222A281D0063E01D /* Color.plist */,
				5637C620222A281D0063E01D /* Font.plist */,
				5637C621222A281D0063E01D /* Image */,
			);
			path = master;
			sourceTree = "<group>";
		};
		5637C61D222A281D0063E01D /* Config */ = {
			isa = PBXGroup;
			children = (
				5637C61E222A281D0063E01D /* Server.plist */,
			);
			path = Config;
			sourceTree = "<group>";
		};
		5637C621222A281D0063E01D /* Image */ = {
			isa = PBXGroup;
			children = (
				5637C622222A281D0063E01D /* WX20190227-205248@2x.png */,
			);
			path = Image;
			sourceTree = "<group>";
		};
		56D408702222D8FB00D82EB8 = {
			isa = PBXGroup;
			children = (
				56D4087B2222D8FB00D82EB8 /* SFComponent */,
				56D4088A2222D90B00D82EB8 /* SFComponentBundle */,
				56D4087A2222D8FB00D82EB8 /* Products */,
			);
			sourceTree = "<group>";
		};
		56D4087A2222D8FB00D82EB8 /* Products */ = {
			isa = PBXGroup;
			children = (
				56D408792222D8FB00D82EB8 /* libSFComponent.a */,
				56D408892222D90B00D82EB8 /* SFComponentBundle.bundle */,
			);
			name = Products;
			sourceTree = "<group>";
		};
		56D4087B2222D8FB00D82EB8 /* SFComponent */ = {
			isa = PBXGroup;
			children = (
				5637C605222A28120063E01D /* Component */,
				5637C5F6222A28120063E01D /* Configuration */,
				5637C601222A28120063E01D /* Delegate */,
				5637C60D222A28120063E01D /* Event */,
				5637C5FB222A28120063E01D /* Language */,
				5637C5FE222A28120063E01D /* Route */,
				5637C5ED222A28120063E01D /* Skin */,
			);
			path = SFComponent;
			sourceTree = "<group>";
		};
		56D4088A2222D90B00D82EB8 /* SFComponentBundle */ = {
			isa = PBXGroup;
			children = (
				5637C61C222A281D0063E01D /* master */,
			);
			path = SFComponentBundle;
			sourceTree = "<group>";
		};
/* End PBXGroup section */

/* Begin PBXNativeTarget section */
		56D408782222D8FB00D82EB8 /* SFComponent */ = {
			isa = PBXNativeTarget;
			buildConfigurationList = 56D408822222D8FB00D82EB8 /* Build configuration list for PBXNativeTarget "SFComponent" */;
			buildPhases = (
				56D408752222D8FB00D82EB8 /* Sources */,
				56D408762222D8FB00D82EB8 /* Frameworks */,
				56D408772222D8FB00D82EB8 /* CopyFiles */,
			);
			buildRules = (
			);
			dependencies = (
			);
			name = SFComponent;
			productName = SFComponent;
			productReference = 56D408792222D8FB00D82EB8 /* libSFComponent.a */;
			productType = "com.apple.product-type.library.static";
		};
		56D408882222D90B00D82EB8 /* SFComponentBundle */ = {
			isa = PBXNativeTarget;
			buildConfigurationList = 56D4088C2222D90B00D82EB8 /* Build configuration list for PBXNativeTarget "SFComponentBundle" */;
			buildPhases = (
				56D408852222D90B00D82EB8 /* Sources */,
				56D408862222D90B00D82EB8 /* Frameworks */,
				56D408872222D90B00D82EB8 /* Resources */,
			);
			buildRules = (
			);
			dependencies = (
			);
			name = SFComponentBundle;
			productName = SFComponentBundle;
			productReference = 56D408892222D90B00D82EB8 /* SFComponentBundle.bundle */;
			productType = "com.apple.product-type.bundle";
		};
/* End PBXNativeTarget section */

/* Begin PBXProject section */
		56D408712222D8FB00D82EB8 /* Project object */ = {
			isa = PBXProject;
			attributes = {
				LastUpgradeCheck = 1010;
				ORGANIZATIONNAME = com.sf.ios;
				TargetAttributes = {
					56D408782222D8FB00D82EB8 = {
						CreatedOnToolsVersion = 10.1;
					};
					56D408882222D90B00D82EB8 = {
						CreatedOnToolsVersion = 10.1;
					};
				};
			};
			buildConfigurationList = 56D408742222D8FB00D82EB8 /* Build configuration list for PBXProject "SFComponent" */;
			compatibilityVersion = "Xcode 9.3";
			developmentRegion = en;
			hasScannedForEncodings = 0;
			knownRegions = (
				en,
			);
			mainGroup = 56D408702222D8FB00D82EB8;
			productRefGroup = 56D4087A2222D8FB00D82EB8 /* Products */;
			projectDirPath = "";
			projectRoot = "";
			targets = (
				56D408782222D8FB00D82EB8 /* SFComponent */,
				56D408882222D90B00D82EB8 /* SFComponentBundle */,
			);
		};
/* End PBXProject section */

/* Begin PBXResourcesBuildPhase section */
		56D408872222D90B00D82EB8 /* Resources */ = {
			isa = PBXResourcesBuildPhase;
			buildActionMask = 2147483647;
			files = (
				5637C624222A281D0063E01D /* Color.plist in Resources */,
				5637C626222A281D0063E01D /* WX20190227-205248@2x.png in Resources */,
				5637C625222A281D0063E01D /* Font.plist in Resources */,
				5637C623222A281D0063E01D /* Server.plist in Resources */,
			);
			runOnlyForDeploymentPostprocessing = 0;
		};
/* End PBXResourcesBuildPhase section */

/* Begin PBXSourcesBuildPhase section */
		56D408752222D8FB00D82EB8 /* Sources */ = {
			isa = PBXSourcesBuildPhase;
			buildActionMask = 2147483647;
			files = (
				5637C613222A28120063E01D /* SFBundle.m in Sources */,
				5637C618222A28120063E01D /* SFAppDelegate.m in Sources */,
				5637C61B222A28120063E01D /* SFEventCenter.m in Sources */,
				5637C615222A28120063E01D /* SFConfiguration.m in Sources */,
				5637C612222A28120063E01D /* SFColors.m in Sources */,
				5637C619222A28120063E01D /* SFComponentManager.m in Sources */,
				5637C610222A28120063E01D /* SFImage.m in Sources */,
				5637C61A222A28120063E01D /* SFComponent.m in Sources */,
				5637C617222A28120063E01D /* SFRoute.m in Sources */,
				5637C611222A28120063E01D /* SFFont.m in Sources */,
				5637C616222A28120063E01D /* SFLanguage.m in Sources */,
				5637C614222A28120063E01D /* SFServerConfig.m in Sources */,
			);
			runOnlyForDeploymentPostprocessing = 0;
		};
		56D408852222D90B00D82EB8 /* Sources */ = {
			isa = PBXSourcesBuildPhase;
			buildActionMask = 2147483647;
			files = (
			);
			runOnlyForDeploymentPostprocessing = 0;
		};
/* End PBXSourcesBuildPhase section */

/* Begin XCBuildConfiguration section */
		56D408802222D8FB00D82EB8 /* Debug */ = {
			isa = XCBuildConfiguration;
			buildSettings = {
				ALWAYS_SEARCH_USER_PATHS = NO;
				CLANG_ANALYZER_NONNULL = YES;
				CLANG_ANALYZER_NUMBER_OBJECT_CONVERSION = YES_AGGRESSIVE;
				CLANG_CXX_LANGUAGE_STANDARD = "gnu++14";
				CLANG_CXX_LIBRARY = "libc++";
				CLANG_ENABLE_MODULES = YES;
				CLANG_ENABLE_OBJC_ARC = YES;
				CLANG_ENABLE_OBJC_WEAK = YES;
				CLANG_WARN_BLOCK_CAPTURE_AUTORELEASING = YES;
				CLANG_WARN_BOOL_CONVERSION = YES;
				CLANG_WARN_COMMA = YES;
				CLANG_WARN_CONSTANT_CONVERSION = YES;
				CLANG_WARN_DEPRECATED_OBJC_IMPLEMENTATIONS = YES;
				CLANG_WARN_DIRECT_OBJC_ISA_USAGE = YES_ERROR;
				CLANG_WARN_DOCUMENTATION_COMMENTS = YES;
				CLANG_WARN_EMPTY_BODY = YES;
				CLANG_WARN_ENUM_CONVERSION = YES;
				CLANG_WARN_INFINITE_RECURSION = YES;
				CLANG_WARN_INT_CONVERSION = YES;
				CLANG_WARN_NON_LITERAL_NULL_CONVERSION = YES;
				CLANG_WARN_OBJC_IMPLICIT_RETAIN_SELF = YES;
				CLANG_WARN_OBJC_LITERAL_CONVERSION = YES;
				CLANG_WARN_OBJC_ROOT_CLASS = YES_ERROR;
				CLANG_WARN_RANGE_LOOP_ANALYSIS = YES;
				CLANG_WARN_STRICT_PROTOTYPES = YES;
				CLANG_WARN_SUSPICIOUS_MOVE = YES;
				CLANG_WARN_UNGUARDED_AVAILABILITY = YES_AGGRESSIVE;
				CLANG_WARN_UNREACHABLE_CODE = YES;
				CLANG_WARN__DUPLICATE_METHOD_MATCH = YES;
				CODE_SIGN_IDENTITY = "iPhone Developer";
				COPY_PHASE_STRIP = NO;
				DEBUG_INFORMATION_FORMAT = dwarf;
				ENABLE_STRICT_OBJC_MSGSEND = YES;
				ENABLE_TESTABILITY = YES;
				GCC_C_LANGUAGE_STANDARD = gnu11;
				GCC_DYNAMIC_NO_PIC = NO;
				GCC_NO_COMMON_BLOCKS = YES;
				GCC_OPTIMIZATION_LEVEL = 0;
				GCC_PREPROCESSOR_DEFINITIONS = (
					"DEBUG=1",
					"$(inherited)",
				);
				GCC_WARN_64_TO_32_BIT_CONVERSION = YES;
				GCC_WARN_ABOUT_RETURN_TYPE = YES_ERROR;
				GCC_WARN_UNDECLARED_SELECTOR = YES;
				GCC_WARN_UNINITIALIZED_AUTOS = YES_AGGRESSIVE;
				GCC_WARN_UNUSED_FUNCTION = YES;
				GCC_WARN_UNUSED_VARIABLE = YES;
				IPHONEOS_DEPLOYMENT_TARGET = 12.1;
				MTL_ENABLE_DEBUG_INFO = INCLUDE_SOURCE;
				MTL_FAST_MATH = YES;
				ONLY_ACTIVE_ARCH = YES;
				SDKROOT = iphoneos;
			};
			name = Debug;
		};
		56D408812222D8FB00D82EB8 /* Release */ = {
			isa = XCBuildConfiguration;
			buildSettings = {
				ALWAYS_SEARCH_USER_PATHS = NO;
				CLANG_ANALYZER_NONNULL = YES;
				CLANG_ANALYZER_NUMBER_OBJECT_CONVERSION = YES_AGGRESSIVE;
				CLANG_CXX_LANGUAGE_STANDARD = "gnu++14";
				CLANG_CXX_LIBRARY = "libc++";
				CLANG_ENABLE_MODULES = YES;
				CLANG_ENABLE_OBJC_ARC = YES;
				CLANG_ENABLE_OBJC_WEAK = YES;
				CLANG_WARN_BLOCK_CAPTURE_AUTORELEASING = YES;
				CLANG_WARN_BOOL_CONVERSION = YES;
				CLANG_WARN_COMMA = YES;
				CLANG_WARN_CONSTANT_CONVERSION = YES;
				CLANG_WARN_DEPRECATED_OBJC_IMPLEMENTATIONS = YES;
				CLANG_WARN_DIRECT_OBJC_ISA_USAGE = YES_ERROR;
				CLANG_WARN_DOCUMENTATION_COMMENTS = YES;
				CLANG_WARN_EMPTY_BODY = YES;
				CLANG_WARN_ENUM_CONVERSION = YES;
				CLANG_WARN_INFINITE_RECURSION = YES;
				CLANG_WARN_INT_CONVERSION = YES;
				CLANG_WARN_NON_LITERAL_NULL_CONVERSION = YES;
				CLANG_WARN_OBJC_IMPLICIT_RETAIN_SELF = YES;
				CLANG_WARN_OBJC_LITERAL_CONVERSION = YES;
				CLANG_WARN_OBJC_ROOT_CLASS = YES_ERROR;
				CLANG_WARN_RANGE_LOOP_ANALYSIS = YES;
				CLANG_WARN_STRICT_PROTOTYPES = YES;
				CLANG_WARN_SUSPICIOUS_MOVE = YES;
				CLANG_WARN_UNGUARDED_AVAILABILITY = YES_AGGRESSIVE;
				CLANG_WARN_UNREACHABLE_CODE = YES;
				CLANG_WARN__DUPLICATE_METHOD_MATCH = YES;
				CODE_SIGN_IDENTITY = "iPhone Developer";
				COPY_PHASE_STRIP = NO;
				DEBUG_INFORMATION_FORMAT = "dwarf-with-dsym";
				ENABLE_NS_ASSERTIONS = NO;
				ENABLE_STRICT_OBJC_MSGSEND = YES;
				GCC_C_LANGUAGE_STANDARD = gnu11;
				GCC_NO_COMMON_BLOCKS = YES;
				GCC_WARN_64_TO_32_BIT_CONVERSION = YES;
				GCC_WARN_ABOUT_RETURN_TYPE = YES_ERROR;
				GCC_WARN_UNDECLARED_SELECTOR = YES;
				GCC_WARN_UNINITIALIZED_AUTOS = YES_AGGRESSIVE;
				GCC_WARN_UNUSED_FUNCTION = YES;
				GCC_WARN_UNUSED_VARIABLE = YES;
				IPHONEOS_DEPLOYMENT_TARGET = 12.1;
				MTL_ENABLE_DEBUG_INFO = NO;
				MTL_FAST_MATH = YES;
				SDKROOT = iphoneos;
				VALIDATE_PRODUCT = YES;
			};
			name = Release;
		};
		56D408832222D8FB00D82EB8 /* Debug */ = {
			isa = XCBuildConfiguration;
			buildSettings = {
				CODE_SIGN_STYLE = Automatic;
				OTHER_LDFLAGS = "-ObjC";
				PRODUCT_NAME = "$(TARGET_NAME)";
				SKIP_INSTALL = YES;
				TARGETED_DEVICE_FAMILY = "1,2";
			};
			name = Debug;
		};
		56D408842222D8FB00D82EB8 /* Release */ = {
			isa = XCBuildConfiguration;
			buildSettings = {
				CODE_SIGN_STYLE = Automatic;
				OTHER_LDFLAGS = "-ObjC";
				PRODUCT_NAME = "$(TARGET_NAME)";
				SKIP_INSTALL = YES;
				TARGETED_DEVICE_FAMILY = "1,2";
			};
			name = Release;
		};
		56D4088D2222D90B00D82EB8 /* Debug */ = {
			isa = XCBuildConfiguration;
			buildSettings = {
				CODE_SIGN_IDENTITY = "-";
				CODE_SIGN_STYLE = Automatic;
				COMBINE_HIDPI_IMAGES = YES;
				INFOPLIST_FILE = SFComponentBundle/Info.plist;
				INSTALL_PATH = "$(LOCAL_LIBRARY_DIR)/Bundles";
				MACOSX_DEPLOYMENT_TARGET = 10.14;
				PRODUCT_BUNDLE_IDENTIFIER = com.sf.ios.SFComponentBundle;
				PRODUCT_NAME = "$(TARGET_NAME)";
				SDKROOT = macosx;
				SKIP_INSTALL = YES;
				WRAPPER_EXTENSION = bundle;
			};
			name = Debug;
		};
		56D4088E2222D90B00D82EB8 /* Release */ = {
			isa = XCBuildConfiguration;
			buildSettings = {
				CODE_SIGN_IDENTITY = "-";
				CODE_SIGN_STYLE = Automatic;
				COMBINE_HIDPI_IMAGES = YES;
				INFOPLIST_FILE = SFComponentBundle/Info.plist;
				INSTALL_PATH = "$(LOCAL_LIBRARY_DIR)/Bundles";
				MACOSX_DEPLOYMENT_TARGET = 10.14;
				PRODUCT_BUNDLE_IDENTIFIER = com.sf.ios.SFComponentBundle;
				PRODUCT_NAME = "$(TARGET_NAME)";
				SDKROOT = macosx;
				SKIP_INSTALL = YES;
				WRAPPER_EXTENSION = bundle;
			};
			name = Release;
		};
/* End XCBuildConfiguration section */

/* Begin XCConfigurationList section */
		56D408742222D8FB00D82EB8 /* Build configuration list for PBXProject "SFComponent" */ = {
			isa = XCConfigurationList;
			buildConfigurations = (
				56D408802222D8FB00D82EB8 /* Debug */,
				56D408812222D8FB00D82EB8 /* Release */,
			);
			defaultConfigurationIsVisible = 0;
			defaultConfigurationName = Release;
		};
		56D408822222D8FB00D82EB8 /* Build configuration list for PBXNativeTarget "SFComponent" */ = {
			isa = XCConfigurationList;
			buildConfigurations = (
				56D408832222D8FB00D82EB8 /* Debug */,
				56D408842222D8FB00D82EB8 /* Release */,
			);
			defaultConfigurationIsVisible = 0;
			defaultConfigurationName = Release;
		};
		56D4088C2222D90B00D82EB8 /* Build configuration list for PBXNativeTarget "SFComponentBundle" */ = {
			isa = XCConfigurationList;
			buildConfigurations = (
				56D4088D2222D90B00D82EB8 /* Debug */,
				56D4088E2222D90B00D82EB8 /* Release */,
			);
			defaultConfigurationIsVisible = 0;
			defaultConfigurationName = Release;
		};
/* End XCConfigurationList section */
	};
	rootObject = 56D408712222D8FB00D82EB8 /* Project object */;
}
